
Microsoft Visual Studio Solution File, Format Version 12.00
# Visual Studio 2015
Project("{FAE04EC0-301F-11D3-BF4B-00C04F79EFBC}") = "BallCollision.Plugins", "BallCollision.Plugins.csproj", "{68A1C622-3E65-7059-0669-EA617049C814}"
EndProject
Project("{FAE04EC0-301F-11D3-BF4B-00C04F79EFBC}") = "BallCollision", "BallCollision.csproj", "{A182B576-E667-1FA8-977B-0D5AEF864553}"
EndProject
Project("{FAE04EC0-301F-11D3-BF4B-00C04F79EFBC}") = "BallCollision.Editor", "BallCollision.Editor.csproj", "{32E8D926-A3EF-CC6F-CD9F-0EA09A9117BF}"
EndProject
Global
	GlobalSection(SolutionConfigurationPlatforms) = preSolution
		Debug|Any CPU = Debug|Any CPU
		Release|Any CPU = Release|Any CPU
	EndGlobalSection
	GlobalSection(ProjectConfigurationPlatforms) = postSolution
		{68A1C622-3E65-7059-0669-EA617049C814}.Debug|Any CPU.ActiveCfg = Debug|Any CPU
		{68A1C622-3E65-7059-0669-EA617049C814}.Debug|Any CPU.Build.0 = Debug|Any CPU
		{68A1C622-3E65-7059-0669-EA617049C814}.Release|Any CPU.ActiveCfg = Release|Any CPU
		{68A1C622-3E65-7059-0669-EA617049C814}.Release|Any CPU.Build.0 = Release|Any CPU
		{A182B576-E667-1FA8-977B-0D5AEF864553}.Debug|Any CPU.ActiveCfg = Debug|Any CPU
		{A182B576-E667-1FA8-977B-0D5AEF864553}.Debug|Any CPU.Build.0 = Debug|Any CPU
		{A182B576-E667-1FA8-977B-0D5AEF864553}.Release|Any CPU.ActiveCfg = Release|Any CPU
		{A182B576-E667-1FA8-977B-0D5AEF864553}.Release|Any CPU.Build.0 = Release|Any CPU
		{32E8D926-A3EF-CC6F-CD9F-0EA09A9117BF}.Debug|Any CPU.ActiveCfg = Debug|Any CPU
		{32E8D926-A3EF-CC6F-CD9F-0EA09A9117BF}.Debug|Any CPU.Build.0 = Debug|Any CPU
		{32E8D926-A3EF-CC6F-CD9F-0EA09A9117BF}.Release|Any CPU.ActiveCfg = Release|Any CPU
		{32E8D926-A3EF-CC6F-CD9F-0EA09A9117BF}.Release|Any CPU.Build.0 = Release|Any CPU
	EndGlobalSection
	GlobalSection(SolutionProperties) = preSolution
		HideSolutionNode = FALSE
	EndGlobalSection
EndGlobal
